
Microsoft Visual Studio Solution File, Format Version 12.00
# Visual Studio 2013
VisualStudioVersion = 12.0.40629.0
MinimumVisualStudioVersion = 10.0.40219.1
Project("{FAE04EC0-301F-11D3-BF4B-00C04F79EFBC}") = "Star-Dundee-WPF", "Star-Dundee-WPF\Star-Dundee-WPF.csproj", "{A83E9905-2068-4D09-9DEC-6B1EB9EAF700}"
EndProject
Project("{FAE04EC0-301F-11D3-BF4B-00C04F79EFBC}") = "SpaceWireUnitTests", "SpaceWireUnitTests\SpaceWireUnitTests.csproj", "{2ACEAD7A-D546-4CB8-8521-7924B9EB341E}"
EndProject
Global
	GlobalSection(SolutionConfigurationPlatforms) = preSolution
		Debug|Any CPU = Debug|Any CPU
		Release|Any CPU = Release|Any CPU
	EndGlobalSection
	GlobalSection(ProjectConfigurationPlatforms) = postSolution
		{A83E9905-2068-4D09-9DEC-6B1EB9EAF700}.Debug|Any CPU.ActiveCfg = Debug|Any CPU
		{A83E9905-2068-4D09-9DEC-6B1EB9EAF700}.Debug|Any CPU.Build.0 = Debug|Any CPU
		{A83E9905-2068-4D09-9DEC-6B1EB9EAF700}.Release|Any CPU.ActiveCfg = Release|Any CPU
		{A83E9905-2068-4D09-9DEC-6B1EB9EAF700}.Release|Any CPU.Build.0 = Release|Any CPU
		{2ACEAD7A-D546-4CB8-8521-7924B9EB341E}.Debug|Any CPU.ActiveCfg = Debug|Any CPU
		{2ACEAD7A-D546-4CB8-8521-7924B9EB341E}.Debug|Any CPU.Build.0 = Debug|Any CPU
		{2ACEAD7A-D546-4CB8-8521-7924B9EB341E}.Release|Any CPU.ActiveCfg = Release|Any CPU
		{2ACEAD7A-D546-4CB8-8521-7924B9EB341E}.Release|Any CPU.Build.0 = Release|Any CPU
	EndGlobalSection
	GlobalSection(SolutionProperties) = preSolution
		HideSolutionNode = FALSE
	EndGlobalSection
EndGlobal
